// !$*UTF8*$!
{
	archiveVersion = 1;
	classes = {
	};
	objectVersion = 46;
	objects = {

/* Begin PBXBuildFile section */
		424FB53D1CD3A81E00602E38 /* AppDelegate.swift in Sources */ = {isa = PBXBuildFile; fileRef = 424FB53C1CD3A81E00602E38 /* AppDelegate.swift */; };
		424FB53F1CD3A81E00602E38 /* ViewController.swift in Sources */ = {isa = PBXBuildFile; fileRef = 424FB53E1CD3A81E00602E38 /* ViewController.swift */; };
		424FB5421CD3A81E00602E38 /* Main.storyboard in Resources */ = {isa = PBXBuildFile; fileRef = 424FB5401CD3A81E00602E38 /* Main.storyboard */; };
		424FB5441CD3A81E00602E38 /* Assets.xcassets in Resources */ = {isa = PBXBuildFile; fileRef = 424FB5431CD3A81E00602E38 /* Assets.xcassets */; };
		424FB5471CD3A81E00602E38 /* LaunchScreen.storyboard in Resources */ = {isa = PBXBuildFile; fileRef = 424FB5451CD3A81E00602E38 /* LaunchScreen.storyboard */; };
		424FB5521CD3A81E00602E38 /* SuperCoolTests.swift in Sources */ = {isa = PBXBuildFile; fileRef = 424FB5511CD3A81E00602E38 /* SuperCoolTests.swift */; };
		424FB55D1CD3A81E00602E38 /* SuperCoolUITests.swift in Sources */ = {isa = PBXBuildFile; fileRef = 424FB55C1CD3A81E00602E38 /* SuperCoolUITests.swift */; };
/* End PBXBuildFile section */

/* Begin PBXContainerItemProxy section */
		424FB54E1CD3A81E00602E38 /* PBXContainerItemProxy */ = {
			isa = PBXContainerItemProxy;
			containerPortal = 424FB5311CD3A81E00602E38 /* Project object */;
			proxyType = 1;
			remoteGlobalIDString = 424FB5381CD3A81E00602E38;
			remoteInfo = SuperCool;
		};
		424FB5591CD3A81E00602E38 /* PBXContainerItemProxy */ = {
			isa = PBXContainerItemProxy;
			containerPortal = 424FB5311CD3A81E00602E38 /* Project object */;
			proxyType = 1;
			remoteGlobalIDString = 424FB5381CD3A81E00602E38;
			remoteInfo = SuperCool;
		};
/* End PBXContainerItemProxy section */

/* Begin PBXFileReference section */
		424FB5391CD3A81E00602E38 /* SuperCool.app */ = {isa = PBXFileReference; explicitFileType = wrapper.application; includeInIndex = 0; path = SuperCool.app; sourceTree = BUILT_PRODUCTS_DIR; };
		424FB53C1CD3A81E00602E38 /* AppDelegate.swift */ = {isa = PBXFileReference; lastKnownFileType = sourcecode.swift; path = AppDelegate.swift; sourceTree = "<group>"; };
		424FB53E1CD3A81E00602E38 /* ViewController.swift */ = {isa = PBXFileReference; lastKnownFileType = sourcecode.swift; path = ViewController.swift; sourceTree = "<group>"; };
		424FB5411CD3A81E00602E38 /* Base */ = {isa = PBXFileReference; lastKnownFileType = file.storyboard; name = Base; path = Base.lproj/Main.storyboard; sourceTree = "<group>"; };
		424FB5431CD3A81E00602E38 /* Assets.xcassets */ = {isa = PBXFileReference; lastKnownFileType = folder.assetcatalog; path = Assets.xcassets; sourceTree = "<group>"; };
		424FB5461CD3A81E00602E38 /* Base */ = {isa = PBXFileReference; lastKnownFileType = file.storyboard; name = Base; path = Base.lproj/LaunchScreen.storyboard; sourceTree = "<group>"; };
		424FB5481CD3A81E00602E38 /* Info.plist */ = {isa = PBXFileReference; lastKnownFileType = text.plist.xml; path = Info.plist; sourceTree = "<group>"; };
		424FB54D1CD3A81E00602E38 /* SuperCoolTests.xctest */ = {isa = PBXFileReference; explicitFileType = wrapper.cfbundle; includeInIndex = 0; path = SuperCoolTests.xctest; sourceTree = BUILT_PRODUCTS_DIR; };
		424FB5511CD3A81E00602E38 /* SuperCoolTests.swift */ = {isa = PBXFileReference; lastKnownFileType = sourcecode.swift; path = SuperCoolTests.swift; sourceTree = "<group>"; };
		424FB5531CD3A81E00602E38 /* Info.plist */ = {isa = PBXFileReference; lastKnownFileType = text.plist.xml; path = Info.plist; sourceTree = "<group>"; };
		424FB5581CD3A81E00602E38 /* SuperCoolUITests.xctest */ = {isa = PBXFileReference; explicitFileType = wrapper.cfbundle; includeInIndex = 0; path = SuperCoolUITests.xctest; sourceTree = BUILT_PRODUCTS_DIR; };
		424FB55C1CD3A81E00602E38 /* SuperCoolUITests.swift */ = {isa = PBXFileReference; lastKnownFileType = sourcecode.swift; path = SuperCoolUITests.swift; sourceTree = "<group>"; };
		424FB55E1CD3A81E00602E38 /* Info.plist */ = {isa = PBXFileReference; lastKnownFileType = text.plist.xml; path = Info.plist; sourceTree = "<group>"; };
/* End PBXFileReference section */

/* Begin PBXFrameworksBuildPhase section */
		424FB5361CD3A81E00602E38 /* Frameworks */ = {
			isa = PBXFrameworksBuildPhase;
			buildActionMask = 2147483647;
			files = (
			);
			runOnlyForDeploymentPostprocessing = 0;
		};
		424FB54A1CD3A81E00602E38 /* Frameworks */ = {
			isa = PBXFrameworksBuildPhase;
			buildActionMask = 2147483647;
			files = (
			);
			runOnlyForDeploymentPostprocessing = 0;
		};
		424FB5551CD3A81E00602E38 /* Frameworks */ = {
			isa = PBXFrameworksBuildPhase;
			buildActionMask = 2147483647;
			files = (
			);
			runOnlyForDeploymentPostprocessing = 0;
		};
/* End PBXFrameworksBuildPhase section */

/* Begin PBXGroup section */
		424FB5301CD3A81E00602E38 = {
			isa = PBXGroup;
			children = (
				424FB53B1CD3A81E00602E38 /* SuperCool */,
				424FB5501CD3A81E00602E38 /* SuperCoolTests */,
				424FB55B1CD3A81E00602E38 /* SuperCoolUITests */,
				424FB53A1CD3A81E00602E38 /* Products */,
			);
			sourceTree = "<group>";
		};
		424FB53A1CD3A81E00602E38 /* Products */ = {
			isa = PBXGroup;
			children = (
				424FB5391CD3A81E00602E38 /* SuperCool.app */,
				424FB54D1CD3A81E00602E38 /* SuperCoolTests.xctest */,
				424FB5581CD3A81E00602E38 /* SuperCoolUITests.xctest */,
			);
			name = Products;
			sourceTree = "<group>";
		};
		424FB53B1CD3A81E00602E38 /* SuperCool */ = {
			isa = PBXGroup;
			children = (
				424FB53C1CD3A81E00602E38 /* AppDelegate.swift */,
				424FB53E1CD3A81E00602E38 /* ViewController.swift */,
				424FB5401CD3A81E00602E38 /* Main.storyboard */,
				424FB5431CD3A81E00602E38 /* Assets.xcassets */,
				424FB5451CD3A81E00602E38 /* LaunchScreen.storyboard */,
				424FB5481CD3A81E00602E38 /* Info.plist */,
			);
			path = SuperCool;
			sourceTree = "<group>";
		};
		424FB5501CD3A81E00602E38 /* SuperCoolTests */ = {
			isa = PBXGroup;
			children = (
				424FB5511CD3A81E00602E38 /* SuperCoolTests.swift */,
				424FB5531CD3A81E00602E38 /* Info.plist */,
			);
			path = SuperCoolTests;
			sourceTree = "<group>";
		};
		424FB55B1CD3A81E00602E38 /* SuperCoolUITests */ = {
			isa = PBXGroup;
			children = (
				424FB55C1CD3A81E00602E38 /* SuperCoolUITests.swift */,
				424FB55E1CD3A81E00602E38 /* Info.plist */,
			);
			path = SuperCoolUITests;
			sourceTree = "<group>";
		};
/* End PBXGroup section */

/* Begin PBXNativeTarget section */
		424FB5381CD3A81E00602E38 /* SuperCool */ = {
			isa = PBXNativeTarget;
			buildConfigurationList = 424FB5611CD3A81E00602E38 /* Build configuration list for PBXNativeTarget "SuperCool" */;
			buildPhases = (
				424FB5351CD3A81E00602E38 /* Sources */,
				424FB5361CD3A81E00602E38 /* Frameworks */,
				424FB5371CD3A81E00602E38 /* Resources */,
			);
			buildRules = (
			);
			dependencies = (
			);
			name = SuperCool;
			productName = SuperCool;
			productReference = 424FB5391CD3A81E00602E38 /* SuperCool.app */;
			productType = "com.apple.product-type.application";
		};
		424FB54C1CD3A81E00602E38 /* SuperCoolTests */ = {
			isa = PBXNativeTarget;
			buildConfigurationList = 424FB5641CD3A81E00602E38 /* Build configuration list for PBXNativeTarget "SuperCoolTests" */;
			buildPhases = (
				424FB5491CD3A81E00602E38 /* Sources */,
				424FB54A1CD3A81E00602E38 /* Frameworks */,
				424FB54B1CD3A81E00602E38 /* Resources */,
			);
			buildRules = (
			);
			dependencies = (
				424FB54F1CD3A81E00602E38 /* PBXTargetDependency */,
			);
			name = SuperCoolTests;
			productName = SuperCoolTests;
			productReference = 424FB54D1CD3A81E00602E38 /* SuperCoolTests.xctest */;
			productType = "com.apple.product-type.bundle.unit-test";
		};
		424FB5571CD3A81E00602E38 /* SuperCoolUITests */ = {
			isa = PBXNativeTarget;
			buildConfigurationList = 424FB5671CD3A81E00602E38 /* Build configuration list for PBXNativeTarget "SuperCoolUITests" */;
			buildPhases = (
				424FB5541CD3A81E00602E38 /* Sources */,
				424FB5551CD3A81E00602E38 /* Frameworks */,
				424FB5561CD3A81E00602E38 /* Resources */,
			);
			buildRules = (
			);
			dependencies = (
				424FB55A1CD3A81E00602E38 /* PBXTargetDependency */,
			);
			name = SuperCoolUITests;
			productName = SuperCoolUITests;
			productReference = 424FB5581CD3A81E00602E38 /* SuperCoolUITests.xctest */;
			productType = "com.apple.product-type.bundle.ui-testing";
		};
/* End PBXNativeTarget section */

/* Begin PBXProject section */
		424FB5311CD3A81E00602E38 /* Project object */ = {
			isa = PBXProject;
			attributes = {
				LastSwiftUpdateCheck = 0730;
				LastUpgradeCheck = 0730;
				ORGANIZATIONNAME = LemonadeStand;
				TargetAttributes = {
					424FB5381CD3A81E00602E38 = {
						CreatedOnToolsVersion = 7.3;
					};
					424FB54C1CD3A81E00602E38 = {
						CreatedOnToolsVersion = 7.3;
						TestTargetID = 424FB5381CD3A81E00602E38;
					};
					424FB5571CD3A81E00602E38 = {
						CreatedOnToolsVersion = 7.3;
						TestTargetID = 424FB5381CD3A81E00602E38;
					};
				};
			};
			buildConfigurationList = 424FB5341CD3A81E00602E38 /* Build configuration list for PBXProject "SuperCool" */;
			compatibilityVersion = "Xcode 3.2";
			developmentRegion = English;
			hasScannedForEncodings = 0;
			knownRegions = (
				en,
				Base,
			);
			mainGroup = 424FB5301CD3A81E00602E38;
			productRefGroup = 424FB53A1CD3A81E00602E38 /* Products */;
			projectDirPath = "";
			projectRoot = "";
			targets = (
				424FB5381CD3A81E00602E38 /* SuperCool */,
				424FB54C1CD3A81E00602E38 /* SuperCoolTests */,
				424FB5571CD3A81E00602E38 /* SuperCoolUITests */,
			);
		};
/* End PBXProject section */

/* Begin PBXResourcesBuildPhase section */
		424FB5371CD3A81E00602E38 /* Resources */ = {
			isa = PBXResourcesBuildPhase;
			buildActionMask = 2147483647;
			files = (
				424FB5471CD3A81E00602E38 /* LaunchScreen.storyboard in Resources */,
				424FB5441CD3A81E00602E38 /* Assets.xcassets in Resources */,
				424FB5421CD3A81E00602E38 /* Main.storyboard in Resources */,
			);
			runOnlyForDeploymentPostprocessing = 0;
		};
		424FB54B1CD3A81E00602E38 /* Resources */ = {
			isa = PBXResourcesBuildPhase;
			buildActionMask = 2147483647;
			files = (
			);
			runOnlyForDeploymentPostprocessing = 0;
		};
		424FB5561CD3A81E00602E38 /* Resources */ = {
			isa = PBXResourcesBuildPhase;
			buildActionMask = 2147483647;
			files = (
			);
			runOnlyForDeploymentPostprocessing = 0;
		};
/* End PBXResourcesBuildPhase section */

/* Begin PBXSourcesBuildPhase section */
		424FB5351CD3A81E00602E38 /* Sources */ = {
			isa = PBXSourcesBuildPhase;
			buildActionMask = 2147483647;
			files = (
				424FB53F1CD3A81E00602E38 /* ViewController.swift in Sources */,
				424FB53D1CD3A81E00602E38 /* AppDelegate.swift in Sources */,
			);
			runOnlyForDeploymentPostprocessing = 0;
		};
		424FB5491CD3A81E00602E38 /* Sources */ = {
			isa = PBXSourcesBuildPhase;
			buildActionMask = 2147483647;
			files = (
				424FB5521CD3A81E00602E38 /* SuperCoolTests.swift in Sources */,
			);
			runOnlyForDeploymentPostprocessing = 0;
		};
		424FB5541CD3A81E00602E38 /* Sources */ = {
			isa = PBXSourcesBuildPhase;
			buildActionMask = 2147483647;
			files = (
				424FB55D1CD3A81E00602E38 /* SuperCoolUITests.swift in Sources */,
			);
			runOnlyForDeploymentPostprocessing = 0;
		};
/* End PBXSourcesBuildPhase section */

/* Begin PBXTargetDependency section */
		424FB54F1CD3A81E00602E38 /* PBXTargetDependency */ = {
			isa = PBXTargetDependency;
			target = 424FB5381CD3A81E00602E38 /* SuperCool */;
			targetProxy = 424FB54E1CD3A81E00602E38 /* PBXContainerItemProxy */;
		};
		424FB55A1CD3A81E00602E38 /* PBXTargetDependency */ = {
			isa = PBXTargetDependency;
			target = 424FB5381CD3A81E00602E38 /* SuperCool */;
			targetProxy = 424FB5591CD3A81E00602E38 /* PBXContainerItemProxy */;
		};
/* End PBXTargetDependency section */

/* Begin PBXVariantGroup section */
		424FB5401CD3A81E00602E38 /* Main.storyboard */ = {
			isa = PBXVariantGroup;
			children = (
				424FB5411CD3A81E00602E38 /* Base */,
			);
			name = Main.storyboard;
			sourceTree = "<group>";
		};
		424FB5451CD3A81E00602E38 /* LaunchScreen.storyboard */ = {
			isa = PBXVariantGroup;
			children = (
				424FB5461CD3A81E00602E38 /* Base */,
			);
			name = LaunchScreen.storyboard;
			sourceTree = "<group>";
		};
/* End PBXVariantGroup section */

/* Begin XCBuildConfiguration section */
		424FB55F1CD3A81E00602E38 /* Debug */ = {
			isa = XCBuildConfiguration;
			buildSettings = {
				ALWAYS_SEARCH_USER_PATHS = NO;
				CLANG_ANALYZER_NONNULL = YES;
				CLANG_CXX_LANGUAGE_STANDARD = "gnu++0x";
				CLANG_CXX_LIBRARY = "libc++";
				CLANG_ENABLE_MODULES = YES;
				CLANG_ENABLE_OBJC_ARC = YES;
				CLANG_WARN_BOOL_CONVERSION = YES;
				CLANG_WARN_CONSTANT_CONVERSION = YES;
				CLANG_WARN_DIRECT_OBJC_ISA_USAGE = YES_ERROR;
				CLANG_WARN_EMPTY_BODY = YES;
				CLANG_WARN_ENUM_CONVERSION = YES;
				CLANG_WARN_INT_CONVERSION = YES;
				CLANG_WARN_OBJC_ROOT_CLASS = YES_ERROR;
				CLANG_WARN_UNREACHABLE_CODE = YES;
				CLANG_WARN__DUPLICATE_METHOD_MATCH = YES;
				"CODE_SIGN_IDENTITY[sdk=iphoneos*]" = "iPhone Developer";
				COPY_PHASE_STRIP = NO;
				DEBUG_INFORMATION_FORMAT = dwarf;
				ENABLE_STRICT_OBJC_MSGSEND = YES;
				ENABLE_TESTABILITY = YES;
				GCC_C_LANGUAGE_STANDARD = gnu99;
				GCC_DYNAMIC_NO_PIC = NO;
				GCC_NO_COMMON_BLOCKS = YES;
				GCC_OPTIMIZATION_LEVEL = 0;
				GCC_PREPROCESSOR_DEFINITIONS = (
					"DEBUG=1",
					"$(inherited)",
				);
				GCC_WARN_64_TO_32_BIT_CONVERSION = YES;
				GCC_WARN_ABOUT_RETURN_TYPE = YES_ERROR;
				GCC_WARN_UNDECLARED_SELECTOR = YES;
				GCC_WARN_UNINITIALIZED_AUTOS = YES_AGGRESSIVE;
				GCC_WARN_UNUSED_FUNCTION = YES;
				GCC_WARN_UNUSED_VARIABLE = YES;
				IPHONEOS_DEPLOYMENT_TARGET = 9.3;
				MTL_ENABLE_DEBUG_INFO = YES;
				ONLY_ACTIVE_ARCH = YES;
				SDKROOT = iphoneos;
				SWIFT_OPTIMIZATION_LEVEL = "-Onone";
				TARGETED_DEVICE_FAMILY = "1,2";
			};
			name = Debug;
		};
		424FB5601CD3A81E00602E38 /* Release */ = {
			isa = XCBuildConfiguration;
			buildSettings = {
				ALWAYS_SEARCH_USER_PATHS = NO;
				CLANG_ANALYZER_NONNULL = YES;
				CLANG_CXX_LANGUAGE_STANDARD = "gnu++0x";
				CLANG_CXX_LIBRARY = "libc++";
				CLANG_ENABLE_MODULES = YES;
				CLANG_ENABLE_OBJC_ARC = YES;
				CLANG_WARN_BOOL_CONVERSION = YES;
				CLANG_WARN_CONSTANT_CONVERSION = YES;
				CLANG_WARN_DIRECT_OBJC_ISA_USAGE = YES_ERROR;
				CLANG_WARN_EMPTY_BODY = YES;
				CLANG_WARN_ENUM_CONVERSION = YES;
				CLANG_WARN_INT_CONVERSION = YES;
				CLANG_WARN_OBJC_ROOT_CLASS = YES_ERROR;
				CLANG_WARN_UNREACHABLE_CODE = YES;
				CLANG_WARN__DUPLICATE_METHOD_MATCH = YES;
				"CODE_SIGN_IDENTITY[sdk=iphoneos*]" = "iPhone Developer";
				COPY_PHASE_STRIP = NO;
				DEBUG_INFORMATION_FORMAT = "dwarf-with-dsym";
				ENABLE_NS_ASSERTIONS = NO;
				ENABLE_STRICT_OBJC_MSGSEND = YES;
				GCC_C_LANGUAGE_STANDARD = gnu99;
				GCC_NO_COMMON_BLOCKS = YES;
				GCC_WARN_64_TO_32_BIT_CONVERSION = YES;
				GCC_WARN_ABOUT_RETURN_TYPE = YES_ERROR;
				GCC_WARN_UNDECLARED_SELECTOR = YES;
				GCC_WARN_UNINITIALIZED_AUTOS = YES_AGGRESSIVE;
				GCC_WARN_UNUSED_FUNCTION = YES;
				GCC_WARN_UNUSED_VARIABLE = YES;
				IPHONEOS_DEPLOYMENT_TARGET = 9.3;
				MTL_ENABLE_DEBUG_INFO = NO;
				SDKROOT = iphoneos;
				TARGETED_DEVICE_FAMILY = "1,2";
				VALIDATE_PRODUCT = YES;
			};
			name = Release;
		};
		424FB5621CD3A81E00602E38 /* Debug */ = {
			isa = XCBuildConfiguration;
			buildSettings = {
				ASSETCATALOG_COMPILER_APPICON_NAME = AppIcon;
				INFOPLIST_FILE = SuperCool/Info.plist;
				LD_RUNPATH_SEARCH_PATHS = "$(inherited) @executable_path/Frameworks";
				PRODUCT_BUNDLE_IDENTIFIER = com.lemonadestand.SuperCool;
				PRODUCT_NAME = "$(TARGET_NAME)";
			};
			name = Debug;
		};
		424FB5631CD3A81E00602E38 /* Release */ = {
			isa = XCBuildConfiguration;
			buildSettings = {
				ASSETCATALOG_COMPILER_APPICON_NAME = AppIcon;
				INFOPLIST_FILE = SuperCool/Info.plist;
				LD_RUNPATH_SEARCH_PATHS = "$(inherited) @executable_path/Frameworks";
				PRODUCT_BUNDLE_IDENTIFIER = com.lemonadestand.SuperCool;
				PRODUCT_NAME = "$(TARGET_NAME)";
			};
			name = Release;
		};
		424FB5651CD3A81E00602E38 /* Debug */ = {
			isa = XCBuildConfiguration;
			buildSettings = {
				BUNDLE_LOADER = "$(TEST_HOST)";
				INFOPLIST_FILE = SuperCoolTests/Info.plist;
				LD_RUNPATH_SEARCH_PATHS = "$(inherited) @executable_path/Frameworks @loader_path/Frameworks";
				PRODUCT_BUNDLE_IDENTIFIER = com.lemonadestand.SuperCoolTests;
				PRODUCT_NAME = "$(TARGET_NAME)";
				TEST_HOST = "$(BUILT_PRODUCTS_DIR)/SuperCool.app/SuperCool";
			};
			name = Debug;
		};
		424FB5661CD3A81E00602E38 /* Release */ = {
			isa = XCBuildConfiguration;
			buildSettings = {
				BUNDLE_LOADER = "$(TEST_HOST)";
				INFOPLIST_FILE = SuperCoolTests/Info.plist;
				LD_RUNPATH_SEARCH_PATHS = "$(inherited) @executable_path/Frameworks @loader_path/Frameworks";
				PRODUCT_BUNDLE_IDENTIFIER = com.lemonadestand.SuperCoolTests;
				PRODUCT_NAME = "$(TARGET_NAME)";
				TEST_HOST = "$(BUILT_PRODUCTS_DIR)/SuperCool.app/SuperCool";
			};
			name = Release;
		};
		424FB5681CD3A81E00602E38 /* Debug */ = {
			isa = XCBuildConfiguration;
			buildSettings = {
				INFOPLIST_FILE = SuperCoolUITests/Info.plist;
				LD_RUNPATH_SEARCH_PATHS = "$(inherited) @executable_path/Frameworks @loader_path/Frameworks";
				PRODUCT_BUNDLE_IDENTIFIER = com.lemonadestand.SuperCoolUITests;
				PRODUCT_NAME = "$(TARGET_NAME)";
				TEST_TARGET_NAME = SuperCool;
			};
			name = Debug;
		};
		424FB5691CD3A81E00602E38 /* Release */ = {
			isa = XCBuildConfiguration;
			buildSettings = {
				INFOPLIST_FILE = SuperCoolUITests/Info.plist;
				LD_RUNPATH_SEARCH_PATHS = "$(inherited) @executable_path/Frameworks @loader_path/Frameworks";
				PRODUCT_BUNDLE_IDENTIFIER = com.lemonadestand.SuperCoolUITests;
				PRODUCT_NAME = "$(TARGET_NAME)";
				TEST_TARGET_NAME = SuperCool;
			};
			name = Release;
		};
/* End XCBuildConfiguration section */

/* Begin XCConfigurationList section */
		424FB5341CD3A81E00602E38 /* Build configuration list for PBXProject "SuperCool" */ = {
			isa = XCConfigurationList;
			buildConfigurations = (
				424FB55F1CD3A81E00602E38 /* Debug */,
				424FB5601CD3A81E00602E38 /* Release */,
			);
			defaultConfigurationIsVisible = 0;
			defaultConfigurationName = Release;
		};
		424FB5611CD3A81E00602E38 /* Build configuration list for PBXNativeTarget "SuperCool" */ = {
			isa = XCConfigurationList;
			buildConfigurations = (
				424FB5621CD3A81E00602E38 /* Debug */,
				424FB5631CD3A81E00602E38 /* Release */,
			);
			defaultConfigurationIsVisible = 0;
		};
		424FB5641CD3A81E00602E38 /* Build configuration list for PBXNativeTarget "SuperCoolTests" */ = {
			isa = XCConfigurationList;
			buildConfigurations = (
				424FB5651CD3A81E00602E38 /* Debug */,
				424FB5661CD3A81E00602E38 /* Release */,
			);
			defaultConfigurationIsVisible = 0;
		};
		424FB5671CD3A81E00602E38 /* Build configuration list for PBXNativeTarget "SuperCoolUITests" */ = {
			isa = XCConfigurationList;
			buildConfigurations = (
				424FB5681CD3A81E00602E38 /* Debug */,
				424FB5691CD3A81E00602E38 /* Release */,
			);
			defaultConfigurationIsVisible = 0;
		};
/* End XCConfigurationList section */
	};
	rootObject = 424FB5311CD3A81E00602E38 /* Project object */;
}
